
Microsoft Visual Studio Solution File, Format Version 12.00
# Visual Studio Version 16
VisualStudioVersion = 16.0.30413.136
MinimumVisualStudioVersion = 10.0.40219.1
Project("{FAE04EC0-301F-11D3-BF4B-00C04F79EFBC}") = "Login Live v1.0", "Login Live v1.0\Login Live v1.0.csproj", "{C84FDAC1-421C-4A88-B13F-AFF46BAE7CD3}"
EndProject
Global
	GlobalSection(SolutionConfigurationPlatforms) = preSolution
		Debug|Any CPU = Debug|Any CPU
		Release|Any CPU = Release|Any CPU
	EndGlobalSection
	GlobalSection(ProjectConfigurationPlatforms) = postSolution
		{C84FDAC1-421C-4A88-B13F-AFF46BAE7CD3}.Debug|Any CPU.ActiveCfg = Debug|Any CPU
		{C84FDAC1-421C-4A88-B13F-AFF46BAE7CD3}.Debug|Any CPU.Build.0 = Debug|Any CPU
		{C84FDAC1-421C-4A88-B13F-AFF46BAE7CD3}.Release|Any CPU.ActiveCfg = Release|Any CPU
		{C84FDAC1-421C-4A88-B13F-AFF46BAE7CD3}.Release|Any CPU.Build.0 = Release|Any CPU
	EndGlobalSection
	GlobalSection(SolutionProperties) = preSolution
		HideSolutionNode = FALSE
	EndGlobalSection
	GlobalSection(ExtensibilityGlobals) = postSolution
		SolutionGuid = {3D74381E-B9A0-4723-933D-05A67285924E}
	EndGlobalSection
EndGlobal
